
Microsoft Visual Studio Solution File, Format Version 12.00
# Visual Studio 2015
Project("{FAE04EC0-301F-11D3-BF4B-00C04F79EFBC}") = "HonoursUnity", "HonoursUnity.csproj", "{A7349C4A-F42D-A2FD-973D-6E177EE5D694}"
EndProject
Global
	GlobalSection(SolutionConfigurationPlatforms) = preSolution
		Debug|Any CPU = Debug|Any CPU
		Release|Any CPU = Release|Any CPU
	EndGlobalSection
	GlobalSection(ProjectConfigurationPlatforms) = postSolution
		{A7349C4A-F42D-A2FD-973D-6E177EE5D694}.Debug|Any CPU.ActiveCfg = Debug|Any CPU
		{A7349C4A-F42D-A2FD-973D-6E177EE5D694}.Debug|Any CPU.Build.0 = Debug|Any CPU
		{A7349C4A-F42D-A2FD-973D-6E177EE5D694}.Release|Any CPU.ActiveCfg = Release|Any CPU
		{A7349C4A-F42D-A2FD-973D-6E177EE5D694}.Release|Any CPU.Build.0 = Release|Any CPU
	EndGlobalSection
	GlobalSection(SolutionProperties) = preSolution
		HideSolutionNode = FALSE
	EndGlobalSection
EndGlobal
